
Microsoft Visual Studio Solution File, Format Version 12.00
# Visual Studio Version 16
VisualStudioVersion = 16.0.32630.194
MinimumVisualStudioVersion = 10.0.40219.1
Project("{FAE04EC0-301F-11D3-BF4B-00C04F79EFBC}") = "Nasledovanie1", "Nasledovanie1\Nasledovanie1.csproj", "{BC0BAF5D-D199-4F56-8744-2B5DC439540F}"
EndProject
Global
	GlobalSection(SolutionConfigurationPlatforms) = preSolution
		Debug|Any CPU = Debug|Any CPU
		Release|Any CPU = Release|Any CPU
	EndGlobalSection
	GlobalSection(ProjectConfigurationPlatforms) = postSolution
		{BC0BAF5D-D199-4F56-8744-2B5DC439540F}.Debug|Any CPU.ActiveCfg = Debug|Any CPU
		{BC0BAF5D-D199-4F56-8744-2B5DC439540F}.Debug|Any CPU.Build.0 = Debug|Any CPU
		{BC0BAF5D-D199-4F56-8744-2B5DC439540F}.Release|Any CPU.ActiveCfg = Release|Any CPU
		{BC0BAF5D-D199-4F56-8744-2B5DC439540F}.Release|Any CPU.Build.0 = Release|Any CPU
	EndGlobalSection
	GlobalSection(SolutionProperties) = preSolution
		HideSolutionNode = FALSE
	EndGlobalSection
	GlobalSection(ExtensibilityGlobals) = postSolution
		SolutionGuid = {A470C47E-5A15-4CEA-84DA-382A025FAA7E}
	EndGlobalSection
EndGlobal
